
Microsoft Visual Studio Solution File, Format Version 12.00
# Visual Studio Version 17
VisualStudioVersion = 17.3.32811.315
MinimumVisualStudioVersion = 10.0.40219.1
Project("{8BC9CEB8-8B4A-11D0-8D11-00A0C91BC942}") = "nm_4_b-3", "nm_4_b-3.vcxproj", "{BC997029-248D-4FE6-9B91-837EC2F1A42D}"
EndProject
Global
	GlobalSection(SolutionConfigurationPlatforms) = preSolution
		Debug|x64 = Debug|x64
		Debug|x86 = Debug|x86
		Release|x64 = Release|x64
		Release|x86 = Release|x86
	EndGlobalSection
	GlobalSection(ProjectConfigurationPlatforms) = postSolution
		{BC997029-248D-4FE6-9B91-837EC2F1A42D}.Debug|x64.ActiveCfg = Debug|x64
		{BC997029-248D-4FE6-9B91-837EC2F1A42D}.Debug|x64.Build.0 = Debug|x64
		{BC997029-248D-4FE6-9B91-837EC2F1A42D}.Debug|x86.ActiveCfg = Debug|Win32
		{BC997029-248D-4FE6-9B91-837EC2F1A42D}.Debug|x86.Build.0 = Debug|Win32
		{BC997029-248D-4FE6-9B91-837EC2F1A42D}.Release|x64.ActiveCfg = Release|x64
		{BC997029-248D-4FE6-9B91-837EC2F1A42D}.Release|x64.Build.0 = Release|x64
		{BC997029-248D-4FE6-9B91-837EC2F1A42D}.Release|x86.ActiveCfg = Release|Win32
		{BC997029-248D-4FE6-9B91-837EC2F1A42D}.Release|x86.Build.0 = Release|Win32
	EndGlobalSection
	GlobalSection(SolutionProperties) = preSolution
		HideSolutionNode = FALSE
	EndGlobalSection
	GlobalSection(ExtensibilityGlobals) = postSolution
		SolutionGuid = {FBE448E2-C3C7-47F6-8D45-B2354BC25A19}
	EndGlobalSection
EndGlobal
